
Microsoft Visual Studio Solution File, Format Version 12.00
# Visual Studio Version 16
VisualStudioVersion = 16.0.29201.188
MinimumVisualStudioVersion = 10.0.40219.1
Project("{8BC9CEB8-8B4A-11D0-8D11-00A0C91BC942}") = "Assignment1", "Assignment1.vcxproj", "{0B9C7A68-1E57-4336-ACC1-3C2879B798F6}"
EndProject
Project("{8BC9CEB8-8B4A-11D0-8D11-00A0C91BC942}") = "ATest", "..\ATest\ATest.vcxproj", "{13C86C17-7980-4AC6-8C1E-C3DDD555843F}"
EndProject
Global
	GlobalSection(SolutionConfigurationPlatforms) = preSolution
		Debug|x64 = Debug|x64
		Debug|x86 = Debug|x86
		Release|x64 = Release|x64
		Release|x86 = Release|x86
	EndGlobalSection
	GlobalSection(ProjectConfigurationPlatforms) = postSolution
		{0B9C7A68-1E57-4336-ACC1-3C2879B798F6}.Debug|x64.ActiveCfg = Debug|x64
		{0B9C7A68-1E57-4336-ACC1-3C2879B798F6}.Debug|x64.Build.0 = Debug|x64
		{0B9C7A68-1E57-4336-ACC1-3C2879B798F6}.Debug|x86.ActiveCfg = Debug|Win32
		{0B9C7A68-1E57-4336-ACC1-3C2879B798F6}.Debug|x86.Build.0 = Debug|Win32
		{0B9C7A68-1E57-4336-ACC1-3C2879B798F6}.Release|x64.ActiveCfg = Release|x64
		{0B9C7A68-1E57-4336-ACC1-3C2879B798F6}.Release|x64.Build.0 = Release|x64
		{0B9C7A68-1E57-4336-ACC1-3C2879B798F6}.Release|x86.ActiveCfg = Release|Win32
		{0B9C7A68-1E57-4336-ACC1-3C2879B798F6}.Release|x86.Build.0 = Release|Win32
		{13C86C17-7980-4AC6-8C1E-C3DDD555843F}.Debug|x64.ActiveCfg = Debug|x64
		{13C86C17-7980-4AC6-8C1E-C3DDD555843F}.Debug|x64.Build.0 = Debug|x64
		{13C86C17-7980-4AC6-8C1E-C3DDD555843F}.Debug|x86.ActiveCfg = Debug|Win32
		{13C86C17-7980-4AC6-8C1E-C3DDD555843F}.Debug|x86.Build.0 = Debug|Win32
		{13C86C17-7980-4AC6-8C1E-C3DDD555843F}.Release|x64.ActiveCfg = Release|x64
		{13C86C17-7980-4AC6-8C1E-C3DDD555843F}.Release|x64.Build.0 = Release|x64
		{13C86C17-7980-4AC6-8C1E-C3DDD555843F}.Release|x86.ActiveCfg = Release|Win32
		{13C86C17-7980-4AC6-8C1E-C3DDD555843F}.Release|x86.Build.0 = Release|Win32
	EndGlobalSection
	GlobalSection(SolutionProperties) = preSolution
		HideSolutionNode = FALSE
	EndGlobalSection
	GlobalSection(ExtensibilityGlobals) = postSolution
		SolutionGuid = {90AFC4CA-30DC-4ED2-90F2-C321086781BE}
	EndGlobalSection
EndGlobal
